// !$*UTF8*$!
{
	archiveVersion = 1;
	classes = {
	};
	objectVersion = 56;
	objects = {

/* Begin PBXBuildFile section */
		04C98C232942C5D000CBEC00 /* AppDelegate.swift in Sources */ = {isa = PBXBuildFile; fileRef = 04C98C222942C5D000CBEC00 /* AppDelegate.swift */; };
		04C98C252942C5D000CBEC00 /* SceneDelegate.swift in Sources */ = {isa = PBXBuildFile; fileRef = 04C98C242942C5D000CBEC00 /* SceneDelegate.swift */; };
		04C98C272942C5D000CBEC00 /* ViewController.swift in Sources */ = {isa = PBXBuildFile; fileRef = 04C98C262942C5D000CBEC00 /* ViewController.swift */; };
		04C98C2A2942C5D000CBEC00 /* Main.storyboard in Resources */ = {isa = PBXBuildFile; fileRef = 04C98C282942C5D000CBEC00 /* Main.storyboard */; };
		04C98C2C2942C5D200CBEC00 /* Assets.xcassets in Resources */ = {isa = PBXBuildFile; fileRef = 04C98C2B2942C5D200CBEC00 /* Assets.xcassets */; };
		04C98C2F2942C5D200CBEC00 /* LaunchScreen.storyboard in Resources */ = {isa = PBXBuildFile; fileRef = 04C98C2D2942C5D200CBEC00 /* LaunchScreen.storyboard */; };
		04C98C392942C62700CBEC00 /* FirdtViewController.swift in Sources */ = {isa = PBXBuildFile; fileRef = 04C98C372942C62700CBEC00 /* FirdtViewController.swift */; };
		04C98C3A2942C62700CBEC00 /* FirdtViewController.xib in Resources */ = {isa = PBXBuildFile; fileRef = 04C98C382942C62700CBEC00 /* FirdtViewController.xib */; };
/* End PBXBuildFile section */

/* Begin PBXFileReference section */
		04C98C1F2942C5D000CBEC00 /* dars 9.12.app */ = {isa = PBXFileReference; explicitFileType = wrapper.application; includeInIndex = 0; path = "dars 9.12.app"; sourceTree = BUILT_PRODUCTS_DIR; };
		04C98C222942C5D000CBEC00 /* AppDelegate.swift */ = {isa = PBXFileReference; lastKnownFileType = sourcecode.swift; path = AppDelegate.swift; sourceTree = "<group>"; };
		04C98C242942C5D000CBEC00 /* SceneDelegate.swift */ = {isa = PBXFileReference; lastKnownFileType = sourcecode.swift; path = SceneDelegate.swift; sourceTree = "<group>"; };
		04C98C262942C5D000CBEC00 /* ViewController.swift */ = {isa = PBXFileReference; lastKnownFileType = sourcecode.swift; path = ViewController.swift; sourceTree = "<group>"; };
		04C98C292942C5D000CBEC00 /* Base */ = {isa = PBXFileReference; lastKnownFileType = file.storyboard; name = Base; path = Base.lproj/Main.storyboard; sourceTree = "<group>"; };
		04C98C2B2942C5D200CBEC00 /* Assets.xcassets */ = {isa = PBXFileReference; lastKnownFileType = folder.assetcatalog; path = Assets.xcassets; sourceTree = "<group>"; };
		04C98C2E2942C5D200CBEC00 /* Base */ = {isa = PBXFileReference; lastKnownFileType = file.storyboard; name = Base; path = Base.lproj/LaunchScreen.storyboard; sourceTree = "<group>"; };
		04C98C302942C5D200CBEC00 /* Info.plist */ = {isa = PBXFileReference; lastKnownFileType = text.plist.xml; path = Info.plist; sourceTree = "<group>"; };
		04C98C372942C62700CBEC00 /* FirdtViewController.swift */ = {isa = PBXFileReference; lastKnownFileType = sourcecode.swift; path = FirdtViewController.swift; sourceTree = "<group>"; };
		04C98C382942C62700CBEC00 /* FirdtViewController.xib */ = {isa = PBXFileReference; lastKnownFileType = file.xib; path = FirdtViewController.xib; sourceTree = "<group>"; };
/* End PBXFileReference section */

/* Begin PBXFrameworksBuildPhase section */
		04C98C1C2942C5D000CBEC00 /* Frameworks */ = {
			isa = PBXFrameworksBuildPhase;
			buildActionMask = 2147483647;
			files = (
			);
			runOnlyForDeploymentPostprocessing = 0;
		};
/* End PBXFrameworksBuildPhase section */

/* Begin PBXGroup section */
		04C98C162942C5D000CBEC00 = {
			isa = PBXGroup;
			children = (
				04C98C212942C5D000CBEC00 /* dars 9.12 */,
				04C98C202942C5D000CBEC00 /* Products */,
			);
			sourceTree = "<group>";
		};
		04C98C202942C5D000CBEC00 /* Products */ = {
			isa = PBXGroup;
			children = (
				04C98C1F2942C5D000CBEC00 /* dars 9.12.app */,
			);
			name = Products;
			sourceTree = "<group>";
		};
		04C98C212942C5D000CBEC00 /* dars 9.12 */ = {
			isa = PBXGroup;
			children = (
				04C98C3B2942C63000CBEC00 /* cell */,
				04C98C362942C5E700CBEC00 /* first view */,
				04C98C222942C5D000CBEC00 /* AppDelegate.swift */,
				04C98C242942C5D000CBEC00 /* SceneDelegate.swift */,
				04C98C262942C5D000CBEC00 /* ViewController.swift */,
				04C98C282942C5D000CBEC00 /* Main.storyboard */,
				04C98C2B2942C5D200CBEC00 /* Assets.xcassets */,
				04C98C2D2942C5D200CBEC00 /* LaunchScreen.storyboard */,
				04C98C302942C5D200CBEC00 /* Info.plist */,
			);
			path = "dars 9.12";
			sourceTree = "<group>";
		};
		04C98C362942C5E700CBEC00 /* first view */ = {
			isa = PBXGroup;
			children = (
				04C98C372942C62700CBEC00 /* FirdtViewController.swift */,
				04C98C382942C62700CBEC00 /* FirdtViewController.xib */,
			);
			path = "first view";
			sourceTree = "<group>";
		};
		04C98C3B2942C63000CBEC00 /* cell */ = {
			isa = PBXGroup;
			children = (
			);
			path = cell;
			sourceTree = "<group>";
		};
/* End PBXGroup section */

/* Begin PBXNativeTarget section */
		04C98C1E2942C5D000CBEC00 /* dars 9.12 */ = {
			isa = PBXNativeTarget;
			buildConfigurationList = 04C98C332942C5D200CBEC00 /* Build configuration list for PBXNativeTarget "dars 9.12" */;
			buildPhases = (
				04C98C1B2942C5D000CBEC00 /* Sources */,
				04C98C1C2942C5D000CBEC00 /* Frameworks */,
				04C98C1D2942C5D000CBEC00 /* Resources */,
			);
			buildRules = (
			);
			dependencies = (
			);
			name = "dars 9.12";
			productName = "dars 9.12";
			productReference = 04C98C1F2942C5D000CBEC00 /* dars 9.12.app */;
			productType = "com.apple.product-type.application";
		};
/* End PBXNativeTarget section */

/* Begin PBXProject section */
		04C98C172942C5D000CBEC00 /* Project object */ = {
			isa = PBXProject;
			attributes = {
				BuildIndependentTargetsInParallel = 1;
				LastSwiftUpdateCheck = 1410;
				LastUpgradeCheck = 1410;
				TargetAttributes = {
					04C98C1E2942C5D000CBEC00 = {
						CreatedOnToolsVersion = 14.1;
					};
				};
			};
			buildConfigurationList = 04C98C1A2942C5D000CBEC00 /* Build configuration list for PBXProject "dars 9.12" */;
			compatibilityVersion = "Xcode 14.0";
			developmentRegion = en;
			hasScannedForEncodings = 0;
			knownRegions = (
				en,
				Base,
			);
			mainGroup = 04C98C162942C5D000CBEC00;
			productRefGroup = 04C98C202942C5D000CBEC00 /* Products */;
			projectDirPath = "";
			projectRoot = "";
			targets = (
				04C98C1E2942C5D000CBEC00 /* dars 9.12 */,
			);
		};
/* End PBXProject section */

/* Begin PBXResourcesBuildPhase section */
		04C98C1D2942C5D000CBEC00 /* Resources */ = {
			isa = PBXResourcesBuildPhase;
			buildActionMask = 2147483647;
			files = (
				04C98C3A2942C62700CBEC00 /* FirdtViewController.xib in Resources */,
				04C98C2F2942C5D200CBEC00 /* LaunchScreen.storyboard in Resources */,
				04C98C2C2942C5D200CBEC00 /* Assets.xcassets in Resources */,
				04C98C2A2942C5D000CBEC00 /* Main.storyboard in Resources */,
			);
			runOnlyForDeploymentPostprocessing = 0;
		};
/* End PBXResourcesBuildPhase section */

/* Begin PBXSourcesBuildPhase section */
		04C98C1B2942C5D000CBEC00 /* Sources */ = {
			isa = PBXSourcesBuildPhase;
			buildActionMask = 2147483647;
			files = (
				04C98C392942C62700CBEC00 /* FirdtViewController.swift in Sources */,
				04C98C272942C5D000CBEC00 /* ViewController.swift in Sources */,
				04C98C232942C5D000CBEC00 /* AppDelegate.swift in Sources */,
				04C98C252942C5D000CBEC00 /* SceneDelegate.swift in Sources */,
			);
			runOnlyForDeploymentPostprocessing = 0;
		};
/* End PBXSourcesBuildPhase section */

/* Begin PBXVariantGroup section */
		04C98C282942C5D000CBEC00 /* Main.storyboard */ = {
			isa = PBXVariantGroup;
			children = (
				04C98C292942C5D000CBEC00 /* Base */,
			);
			name = Main.storyboard;
			sourceTree = "<group>";
		};
		04C98C2D2942C5D200CBEC00 /* LaunchScreen.storyboard */ = {
			isa = PBXVariantGroup;
			children = (
				04C98C2E2942C5D200CBEC00 /* Base */,
			);
			name = LaunchScreen.storyboard;
			sourceTree = "<group>";
		};
/* End PBXVariantGroup section */

/* Begin XCBuildConfiguration section */
		04C98C312942C5D200CBEC00 /* Debug */ = {
			isa = XCBuildConfiguration;
			buildSettings = {
				ALWAYS_SEARCH_USER_PATHS = NO;
				CLANG_ANALYZER_NONNULL = YES;
				CLANG_ANALYZER_NUMBER_OBJECT_CONVERSION = YES_AGGRESSIVE;
				CLANG_CXX_LANGUAGE_STANDARD = "gnu++20";
				CLANG_ENABLE_MODULES = YES;
				CLANG_ENABLE_OBJC_ARC = YES;
				CLANG_ENABLE_OBJC_WEAK = YES;
				CLANG_WARN_BLOCK_CAPTURE_AUTORELEASING = YES;
				CLANG_WARN_BOOL_CONVERSION = YES;
				CLANG_WARN_COMMA = YES;
				CLANG_WARN_CONSTANT_CONVERSION = YES;
				CLANG_WARN_DEPRECATED_OBJC_IMPLEMENTATIONS = YES;
				CLANG_WARN_DIRECT_OBJC_ISA_USAGE = YES_ERROR;
				CLANG_WARN_DOCUMENTATION_COMMENTS = YES;
				CLANG_WARN_EMPTY_BODY = YES;
				CLANG_WARN_ENUM_CONVERSION = YES;
				CLANG_WARN_INFINITE_RECURSION = YES;
				CLANG_WARN_INT_CONVERSION = YES;
				CLANG_WARN_NON_LITERAL_NULL_CONVERSION = YES;
				CLANG_WARN_OBJC_IMPLICIT_RETAIN_SELF = YES;
				CLANG_WARN_OBJC_LITERAL_CONVERSION = YES;
				CLANG_WARN_OBJC_ROOT_CLASS = YES_ERROR;
				CLANG_WARN_QUOTED_INCLUDE_IN_FRAMEWORK_HEADER = YES;
				CLANG_WARN_RANGE_LOOP_ANALYSIS = YES;
				CLANG_WARN_STRICT_PROTOTYPES = YES;
				CLANG_WARN_SUSPICIOUS_MOVE = YES;
				CLANG_WARN_UNGUARDED_AVAILABILITY = YES_AGGRESSIVE;
				CLANG_WARN_UNREACHABLE_CODE = YES;
				CLANG_WARN__DUPLICATE_METHOD_MATCH = YES;
				COPY_PHASE_STRIP = NO;
				DEBUG_INFORMATION_FORMAT = dwarf;
				ENABLE_STRICT_OBJC_MSGSEND = YES;
				ENABLE_TESTABILITY = YES;
				GCC_C_LANGUAGE_STANDARD = gnu11;
				GCC_DYNAMIC_NO_PIC = NO;
				GCC_NO_COMMON_BLOCKS = YES;
				GCC_OPTIMIZATION_LEVEL = 0;
				GCC_PREPROCESSOR_DEFINITIONS = (
					"DEBUG=1",
					"$(inherited)",
				);
				GCC_WARN_64_TO_32_BIT_CONVERSION = YES;
				GCC_WARN_ABOUT_RETURN_TYPE = YES_ERROR;
				GCC_WARN_UNDECLARED_SELECTOR = YES;
				GCC_WARN_UNINITIALIZED_AUTOS = YES_AGGRESSIVE;
				GCC_WARN_UNUSED_FUNCTION = YES;
				GCC_WARN_UNUSED_VARIABLE = YES;
				IPHONEOS_DEPLOYMENT_TARGET = 16.1;
				MTL_ENABLE_DEBUG_INFO = INCLUDE_SOURCE;
				MTL_FAST_MATH = YES;
				ONLY_ACTIVE_ARCH = YES;
				SDKROOT = iphoneos;
				SWIFT_ACTIVE_COMPILATION_CONDITIONS = DEBUG;
				SWIFT_OPTIMIZATION_LEVEL = "-Onone";
			};
			name = Debug;
		};
		04C98C322942C5D200CBEC00 /* Release */ = {
			isa = XCBuildConfiguration;
			buildSettings = {
				ALWAYS_SEARCH_USER_PATHS = NO;
				CLANG_ANALYZER_NONNULL = YES;
				CLANG_ANALYZER_NUMBER_OBJECT_CONVERSION = YES_AGGRESSIVE;
				CLANG_CXX_LANGUAGE_STANDARD = "gnu++20";
				CLANG_ENABLE_MODULES = YES;
				CLANG_ENABLE_OBJC_ARC = YES;
				CLANG_ENABLE_OBJC_WEAK = YES;
				CLANG_WARN_BLOCK_CAPTURE_AUTORELEASING = YES;
				CLANG_WARN_BOOL_CONVERSION = YES;
				CLANG_WARN_COMMA = YES;
				CLANG_WARN_CONSTANT_CONVERSION = YES;
				CLANG_WARN_DEPRECATED_OBJC_IMPLEMENTATIONS = YES;
				CLANG_WARN_DIRECT_OBJC_ISA_USAGE = YES_ERROR;
				CLANG_WARN_DOCUMENTATION_COMMENTS = YES;
				CLANG_WARN_EMPTY_BODY = YES;
				CLANG_WARN_ENUM_CONVERSION = YES;
				CLANG_WARN_INFINITE_RECURSION = YES;
				CLANG_WARN_INT_CONVERSION = YES;
				CLANG_WARN_NON_LITERAL_NULL_CONVERSION = YES;
				CLANG_WARN_OBJC_IMPLICIT_RETAIN_SELF = YES;
				CLANG_WARN_OBJC_LITERAL_CONVERSION = YES;
				CLANG_WARN_OBJC_ROOT_CLASS = YES_ERROR;
				CLANG_WARN_QUOTED_INCLUDE_IN_FRAMEWORK_HEADER = YES;
				CLANG_WARN_RANGE_LOOP_ANALYSIS = YES;
				CLANG_WARN_STRICT_PROTOTYPES = YES;
				CLANG_WARN_SUSPICIOUS_MOVE = YES;
				CLANG_WARN_UNGUARDED_AVAILABILITY = YES_AGGRESSIVE;
				CLANG_WARN_UNREACHABLE_CODE = YES;
				CLANG_WARN__DUPLICATE_METHOD_MATCH = YES;
				COPY_PHASE_STRIP = NO;
				DEBUG_INFORMATION_FORMAT = "dwarf-with-dsym";
				ENABLE_NS_ASSERTIONS = NO;
				ENABLE_STRICT_OBJC_MSGSEND = YES;
				GCC_C_LANGUAGE_STANDARD = gnu11;
				GCC_NO_COMMON_BLOCKS = YES;
				GCC_WARN_64_TO_32_BIT_CONVERSION = YES;
				GCC_WARN_ABOUT_RETURN_TYPE = YES_ERROR;
				GCC_WARN_UNDECLARED_SELECTOR = YES;
				GCC_WARN_UNINITIALIZED_AUTOS = YES_AGGRESSIVE;
				GCC_WARN_UNUSED_FUNCTION = YES;
				GCC_WARN_UNUSED_VARIABLE = YES;
				IPHONEOS_DEPLOYMENT_TARGET = 16.1;
				MTL_ENABLE_DEBUG_INFO = NO;
				MTL_FAST_MATH = YES;
				SDKROOT = iphoneos;
				SWIFT_COMPILATION_MODE = wholemodule;
				SWIFT_OPTIMIZATION_LEVEL = "-O";
				VALIDATE_PRODUCT = YES;
			};
			name = Release;
		};
		04C98C342942C5D200CBEC00 /* Debug */ = {
			isa = XCBuildConfiguration;
			buildSettings = {
				ASSETCATALOG_COMPILER_APPICON_NAME = AppIcon;
				ASSETCATALOG_COMPILER_GLOBAL_ACCENT_COLOR_NAME = AccentColor;
				CODE_SIGN_STYLE = Automatic;
				CURRENT_PROJECT_VERSION = 1;
				DEVELOPMENT_TEAM = 8D8Y4CXLPD;
				GENERATE_INFOPLIST_FILE = YES;
				INFOPLIST_FILE = "dars 9.12/Info.plist";
				INFOPLIST_KEY_UIApplicationSupportsIndirectInputEvents = YES;
				INFOPLIST_KEY_UILaunchStoryboardName = LaunchScreen;
				INFOPLIST_KEY_UIMainStoryboardFile = Main;
				INFOPLIST_KEY_UISupportedInterfaceOrientations_iPad = "UIInterfaceOrientationPortrait UIInterfaceOrientationPortraitUpsideDown UIInterfaceOrientationLandscapeLeft UIInterfaceOrientationLandscapeRight";
				INFOPLIST_KEY_UISupportedInterfaceOrientations_iPhone = "UIInterfaceOrientationPortrait UIInterfaceOrientationLandscapeLeft UIInterfaceOrientationLandscapeRight";
				LD_RUNPATH_SEARCH_PATHS = (
					"$(inherited)",
					"@executable_path/Frameworks",
				);
				MARKETING_VERSION = 1.0;
				PRODUCT_BUNDLE_IDENTIFIER = "Muminov.dars-9-12";
				PRODUCT_NAME = "$(TARGET_NAME)";
				SWIFT_EMIT_LOC_STRINGS = YES;
				SWIFT_VERSION = 5.0;
				TARGETED_DEVICE_FAMILY = "1,2";
			};
			name = Debug;
		};
		04C98C352942C5D200CBEC00 /* Release */ = {
			isa = XCBuildConfiguration;
			buildSettings = {
				ASSETCATALOG_COMPILER_APPICON_NAME = AppIcon;
				ASSETCATALOG_COMPILER_GLOBAL_ACCENT_COLOR_NAME = AccentColor;
				CODE_SIGN_STYLE = Automatic;
				CURRENT_PROJECT_VERSION = 1;
				DEVELOPMENT_TEAM = 8D8Y4CXLPD;
				GENERATE_INFOPLIST_FILE = YES;
				INFOPLIST_FILE = "dars 9.12/Info.plist";
				INFOPLIST_KEY_UIApplicationSupportsIndirectInputEvents = YES;
				INFOPLIST_KEY_UILaunchStoryboardName = LaunchScreen;
				INFOPLIST_KEY_UIMainStoryboardFile = Main;
				INFOPLIST_KEY_UISupportedInterfaceOrientations_iPad = "UIInterfaceOrientationPortrait UIInterfaceOrientationPortraitUpsideDown UIInterfaceOrientationLandscapeLeft UIInterfaceOrientationLandscapeRight";
				INFOPLIST_KEY_UISupportedInterfaceOrientations_iPhone = "UIInterfaceOrientationPortrait UIInterfaceOrientationLandscapeLeft UIInterfaceOrientationLandscapeRight";
				LD_RUNPATH_SEARCH_PATHS = (
					"$(inherited)",
					"@executable_path/Frameworks",
				);
				MARKETING_VERSION = 1.0;
				PRODUCT_BUNDLE_IDENTIFIER = "Muminov.dars-9-12";
				PRODUCT_NAME = "$(TARGET_NAME)";
				SWIFT_EMIT_LOC_STRINGS = YES;
				SWIFT_VERSION = 5.0;
				TARGETED_DEVICE_FAMILY = "1,2";
			};
			name = Release;
		};
/* End XCBuildConfiguration section */

/* Begin XCConfigurationList section */
		04C98C1A2942C5D000CBEC00 /* Build configuration list for PBXProject "dars 9.12" */ = {
			isa = XCConfigurationList;
			buildConfigurations = (
				04C98C312942C5D200CBEC00 /* Debug */,
				04C98C322942C5D200CBEC00 /* Release */,
			);
			defaultConfigurationIsVisible = 0;
			defaultConfigurationName = Release;
		};
		04C98C332942C5D200CBEC00 /* Build configuration list for PBXNativeTarget "dars 9.12" */ = {
			isa = XCConfigurationList;
			buildConfigurations = (
				04C98C342942C5D200CBEC00 /* Debug */,
				04C98C352942C5D200CBEC00 /* Release */,
			);
			defaultConfigurationIsVisible = 0;
			defaultConfigurationName = Release;
		};
/* End XCConfigurationList section */
	};
	rootObject = 04C98C172942C5D000CBEC00 /* Project object */;
}
